
Microsoft Visual Studio Solution File, Format Version 12.00
# Visual Studio Version 17
VisualStudioVersion = 17.14.36310.24 d17.14
MinimumVisualStudioVersion = 10.0.40219.1
Project("{FAE04EC0-301F-11D3-BF4B-00C04F79EFBC}") = "BookListApp", "BookListApp\BookListApp.csproj", "{8A3ED80B-112B-44E4-9F25-17581D893A1C}"
EndProject
Global
	GlobalSection(SolutionConfigurationPlatforms) = preSolution
		Debug|Any CPU = Debug|Any CPU
		Release|Any CPU = Release|Any CPU
	EndGlobalSection
	GlobalSection(ProjectConfigurationPlatforms) = postSolution
		{8A3ED80B-112B-44E4-9F25-17581D893A1C}.Debug|Any CPU.ActiveCfg = Debug|Any CPU
		{8A3ED80B-112B-44E4-9F25-17581D893A1C}.Debug|Any CPU.Build.0 = Debug|Any CPU
		{8A3ED80B-112B-44E4-9F25-17581D893A1C}.Release|Any CPU.ActiveCfg = Release|Any CPU
		{8A3ED80B-112B-44E4-9F25-17581D893A1C}.Release|Any CPU.Build.0 = Release|Any CPU
	EndGlobalSection
	GlobalSection(SolutionProperties) = preSolution
		HideSolutionNode = FALSE
	EndGlobalSection
	GlobalSection(ExtensibilityGlobals) = postSolution
		SolutionGuid = {DFA3C353-FA4E-4CA2-AF7A-55B25E7855BC}
	EndGlobalSection
EndGlobal
